
Microsoft Visual Studio Solution File, Format Version 12.00
# Visual Studio 15
VisualStudioVersion = 15.0.27130.2027
MinimumVisualStudioVersion = 10.0.40219.1
Project("{FAE04EC0-301F-11D3-BF4B-00C04F79EFBC}") = "Gorilla", "Gorilla\Gorilla.csproj", "{FFE5322B-5A13-4D88-8AD0-B8C085A6E130}"
EndProject
Global
	GlobalSection(SolutionConfigurationPlatforms) = preSolution
		Debug|Any CPU = Debug|Any CPU
		Release|Any CPU = Release|Any CPU
	EndGlobalSection
	GlobalSection(ProjectConfigurationPlatforms) = postSolution
		{FFE5322B-5A13-4D88-8AD0-B8C085A6E130}.Debug|Any CPU.ActiveCfg = Debug|Any CPU
		{FFE5322B-5A13-4D88-8AD0-B8C085A6E130}.Debug|Any CPU.Build.0 = Debug|Any CPU
		{FFE5322B-5A13-4D88-8AD0-B8C085A6E130}.Release|Any CPU.ActiveCfg = Release|Any CPU
		{FFE5322B-5A13-4D88-8AD0-B8C085A6E130}.Release|Any CPU.Build.0 = Release|Any CPU
	EndGlobalSection
	GlobalSection(SolutionProperties) = preSolution
		HideSolutionNode = FALSE
	EndGlobalSection
	GlobalSection(ExtensibilityGlobals) = postSolution
		SolutionGuid = {F19F769A-B005-4701-975F-B2F7F4ECC09F}
	EndGlobalSection
EndGlobal
